
Microsoft Visual Studio Solution File, Format Version 12.00
# Visual Studio 14
VisualStudioVersion = 14.0.23107.0
MinimumVisualStudioVersion = 10.0.40219.1
Project("{FAE04EC0-301F-11D3-BF4B-00C04F79EFBC}") = "scuseme.web", "scuseme.web\scuseme.web.csproj", "{24C641A5-1703-4D8B-8823-FA89BB570000}"
EndProject
Project("{FAE04EC0-301F-11D3-BF4B-00C04F79EFBC}") = "scuseme.client", "scuseme.client\scuseme.client.csproj", "{16458B2E-F64D-4820-836D-3704BF0DD53C}"
EndProject
Project("{FAE04EC0-301F-11D3-BF4B-00C04F79EFBC}") = "scuseme.data", "scuseme.data\scuseme.data.csproj", "{67354786-F6BB-4415-A4FF-AE09B5E8E17E}"
EndProject
Global
	GlobalSection(SolutionConfigurationPlatforms) = preSolution
		Debug|Any CPU = Debug|Any CPU
		Release|Any CPU = Release|Any CPU
	EndGlobalSection
	GlobalSection(ProjectConfigurationPlatforms) = postSolution
		{24C641A5-1703-4D8B-8823-FA89BB570000}.Debug|Any CPU.ActiveCfg = Debug|Any CPU
		{24C641A5-1703-4D8B-8823-FA89BB570000}.Debug|Any CPU.Build.0 = Debug|Any CPU
		{24C641A5-1703-4D8B-8823-FA89BB570000}.Release|Any CPU.ActiveCfg = Release|Any CPU
		{24C641A5-1703-4D8B-8823-FA89BB570000}.Release|Any CPU.Build.0 = Release|Any CPU
		{16458B2E-F64D-4820-836D-3704BF0DD53C}.Debug|Any CPU.ActiveCfg = Debug|Any CPU
		{16458B2E-F64D-4820-836D-3704BF0DD53C}.Debug|Any CPU.Build.0 = Debug|Any CPU
		{16458B2E-F64D-4820-836D-3704BF0DD53C}.Release|Any CPU.ActiveCfg = Release|Any CPU
		{16458B2E-F64D-4820-836D-3704BF0DD53C}.Release|Any CPU.Build.0 = Release|Any CPU
		{67354786-F6BB-4415-A4FF-AE09B5E8E17E}.Debug|Any CPU.ActiveCfg = Debug|Any CPU
		{67354786-F6BB-4415-A4FF-AE09B5E8E17E}.Debug|Any CPU.Build.0 = Debug|Any CPU
		{67354786-F6BB-4415-A4FF-AE09B5E8E17E}.Release|Any CPU.ActiveCfg = Release|Any CPU
		{67354786-F6BB-4415-A4FF-AE09B5E8E17E}.Release|Any CPU.Build.0 = Release|Any CPU
	EndGlobalSection
	GlobalSection(SolutionProperties) = preSolution
		HideSolutionNode = FALSE
	EndGlobalSection
EndGlobal
